
Microsoft Visual Studio Solution File, Format Version 12.00
# Visual Studio Version 16
VisualStudioVersion = 16.0.31702.278
MinimumVisualStudioVersion = 10.0.40219.1
Project("{FAE04EC0-301F-11D3-BF4B-00C04F79EFBC}") = "Task3", "Task3\Task3.csproj", "{3B6A72E9-2580-4D53-BD0A-E2A22A4DCE37}"
EndProject
Project("{FAE04EC0-301F-11D3-BF4B-00C04F79EFBC}") = "AditionalTask", "AditionalTask\AditionalTask.csproj", "{8F45590A-560A-4554-9F9A-3D6BBC230238}"
EndProject
Project("{FAE04EC0-301F-11D3-BF4B-00C04F79EFBC}") = "Task2", "Task2\Task2.csproj", "{A239B7AE-BC7C-4B0D-84B5-CC29C1E1B323}"
EndProject
Global
	GlobalSection(SolutionConfigurationPlatforms) = preSolution
		Debug|Any CPU = Debug|Any CPU
		Release|Any CPU = Release|Any CPU
	EndGlobalSection
	GlobalSection(ProjectConfigurationPlatforms) = postSolution
		{3B6A72E9-2580-4D53-BD0A-E2A22A4DCE37}.Debug|Any CPU.ActiveCfg = Debug|Any CPU
		{3B6A72E9-2580-4D53-BD0A-E2A22A4DCE37}.Debug|Any CPU.Build.0 = Debug|Any CPU
		{3B6A72E9-2580-4D53-BD0A-E2A22A4DCE37}.Release|Any CPU.ActiveCfg = Release|Any CPU
		{3B6A72E9-2580-4D53-BD0A-E2A22A4DCE37}.Release|Any CPU.Build.0 = Release|Any CPU
		{8F45590A-560A-4554-9F9A-3D6BBC230238}.Debug|Any CPU.ActiveCfg = Debug|Any CPU
		{8F45590A-560A-4554-9F9A-3D6BBC230238}.Debug|Any CPU.Build.0 = Debug|Any CPU
		{8F45590A-560A-4554-9F9A-3D6BBC230238}.Release|Any CPU.ActiveCfg = Release|Any CPU
		{8F45590A-560A-4554-9F9A-3D6BBC230238}.Release|Any CPU.Build.0 = Release|Any CPU
		{A239B7AE-BC7C-4B0D-84B5-CC29C1E1B323}.Debug|Any CPU.ActiveCfg = Debug|Any CPU
		{A239B7AE-BC7C-4B0D-84B5-CC29C1E1B323}.Debug|Any CPU.Build.0 = Debug|Any CPU
		{A239B7AE-BC7C-4B0D-84B5-CC29C1E1B323}.Release|Any CPU.ActiveCfg = Release|Any CPU
		{A239B7AE-BC7C-4B0D-84B5-CC29C1E1B323}.Release|Any CPU.Build.0 = Release|Any CPU
	EndGlobalSection
	GlobalSection(SolutionProperties) = preSolution
		HideSolutionNode = FALSE
	EndGlobalSection
	GlobalSection(ExtensibilityGlobals) = postSolution
		SolutionGuid = {26871EC7-DC65-4232-80BD-C298A82A4B1C}
	EndGlobalSection
EndGlobal
